{
  "name": "IMS-2024",
  "lockfileVersion": 3,
  "requires": true,
  "packages": {
    "": {
      "dependencies": {
        "@angular/forms": "^17.2.1",
        "nodemailer": "^6.9.10"
      }
    },
    "node_modules/@angular/common": {
      "version": "17.2.1",
      "resolved": "https://registry.npmjs.org/@angular/common/-/common-17.2.1.tgz",
      "integrity": "sha512-ZkQwvjJhnqKulJn3kwbnodYvQf8g8hy2FUMB2MRLXKgwLPv9iqF/KRgSwcNIZnq8hyvIr6FmAntMdyCOonykDQ==",
      "peer": true,
      "dependencies": {
        "tslib": "^2.3.0"
      },
      "engines": {
        "node": "^18.13.0 || >=20.9.0"
      },
      "peerDependencies": {
        "@angular/core": "17.2.1",
        "rxjs": "^6.5.3 || ^7.4.0"
      }
    },
    "node_modules/@angular/core": {
      "version": "17.2.1",
      "resolved": "https://registry.npmjs.org/@angular/core/-/core-17.2.1.tgz",
      "integrity": "sha512-gfWeskXA8RA0D3WOPBV5wT8RpqtqFhB8OCR8diGfLojqbMrmZXEvxALBHKAgfarWcR1rnRgmjCQKejWLWCLmmg==",
      "peer": true,
      "dependencies": {
        "tslib": "^2.3.0"
      },
      "engines": {
        "node": "^18.13.0 || >=20.9.0"
      },
      "peerDependencies": {
        "rxjs": "^6.5.3 || ^7.4.0",
        "zone.js": "~0.14.0"
      }
    },
    "node_modules/@angular/forms": {
      "version": "17.2.1",
      "resolved": "https://registry.npmjs.org/@angular/forms/-/forms-17.2.1.tgz",
      "integrity": "sha512-ACV2sxBOHfoHiVQFQfP5a7pXWSNPpnYbl8NKjuZzHDWueQ/IInAk6ycUEsycTh8mTm0+bBAUMw8uXTCRItML9A==",
      "dependencies": {
        "tslib": "^2.3.0"
      },
      "engines": {
        "node": "^18.13.0 || >=20.9.0"
      },
      "peerDependencies": {
        "@angular/common": "17.2.1",
        "@angular/core": "17.2.1",
        "@angular/platform-browser": "17.2.1",
        "rxjs": "^6.5.3 || ^7.4.0"
      }
    },
    "node_modules/@angular/platform-browser": {
      "version": "17.2.1",
      "resolved": "https://registry.npmjs.org/@angular/platform-browser/-/platform-browser-17.2.1.tgz",
      "integrity": "sha512-on+fTZiDTBJmRQbQe6GOClqaUFe4GJdLS1EbmI+6/8Ntv4QW2PowWnaxajoqTj2Zrh22J9DSNy7RWcrQDdyU3g==",
      "peer": true,
      "dependencies": {
        "tslib": "^2.3.0"
      },
      "engines": {
        "node": "^18.13.0 || >=20.9.0"
      },
      "peerDependencies": {
        "@angular/animations": "17.2.1",
        "@angular/common": "17.2.1",
        "@angular/core": "17.2.1"
      },
      "peerDependenciesMeta": {
        "@angular/animations": {
          "optional": true
        }
      }
    },
    "node_modules/nodemailer": {
      "version": "6.9.10",
      "resolved": "https://registry.npmjs.org/nodemailer/-/nodemailer-6.9.10.tgz",
      "integrity": "sha512-qtoKfGFhvIFW5kLfrkw2R6Nm6Ur4LNUMykyqu6n9BRKJuyQrqEGwdXXUAbwWEKt33dlWUGXb7rzmJP/p4+O+CA==",
      "engines": {
        "node": ">=6.0.0"
      }
    },
    "node_modules/rxjs": {
      "version": "7.8.1",
      "resolved": "https://registry.npmjs.org/rxjs/-/rxjs-7.8.1.tgz",
      "integrity": "sha512-AA3TVj+0A2iuIoQkWEK/tqFjBq2j+6PO6Y0zJcvzLAFhEFIO3HL0vls9hWLncZbAAbK0mar7oZ4V079I/qPMxg==",
      "peer": true,
      "dependencies": {
        "tslib": "^2.1.0"
      }
    },
    "node_modules/tslib": {
      "version": "2.6.2",
      "resolved": "https://registry.npmjs.org/tslib/-/tslib-2.6.2.tgz",
      "integrity": "sha512-AEYxH93jGFPn/a2iVAwW87VuUIkR1FVUKB77NwMF7nBTDkDrrT/Hpt/IrCJ0QXhW27jTBDcf5ZY7w6RiqTMw2Q=="
    },
    "node_modules/zone.js": {
      "version": "0.14.4",
      "resolved": "https://registry.npmjs.org/zone.js/-/zone.js-0.14.4.tgz",
      "integrity": "sha512-NtTUvIlNELez7Q1DzKVIFZBzNb646boQMgpATo9z3Ftuu/gWvzxCW7jdjcUDoRGxRikrhVHB/zLXh1hxeJawvw==",
      "peer": true,
      "dependencies": {
        "tslib": "^2.3.0"
      }
    }
  }
}
